# This file is automatically @generated by Cargo.
# It is not intended for manual editing.
version = 4

[[package]]
name = "embedded-hal"
version = "1.0.0"
source = "registry+https://github.com/rust-lang/crates.io-index"
checksum = "361a90feb7004eca4019fb28352a9465666b24f840f5c3cddf0ff13920590b89"

[[package]]
name = "sysfs-pwm"
version = "0.1.0"
source = "registry+https://github.com/rust-lang/crates.io-index"
checksum = "267589d5f86a21e4da23c23be6083a6bcc42b3ea90ab952cda36917231e22849"

[[package]]
name = "sysfs-pwm-embedded-hal"
version = "0.1.0"
dependencies = [
 "embedded-hal",
 "sysfs-pwm",
]
